
Microsoft Visual Studio Solution File, Format Version 12.00
# Visual Studio 2012
Project("{FAE04EC0-301F-11D3-BF4B-00C04F79EFBC}") = "CalcularCantidadDeAgua", "CalcularCantidadDeAgua\CalcularCantidadDeAgua.csproj", "{D64CB696-978C-44B2-AF30-91B673720232}"
EndProject
Global
	GlobalSection(SolutionConfigurationPlatforms) = preSolution
		Debug|Any CPU = Debug|Any CPU
		Release|Any CPU = Release|Any CPU
	EndGlobalSection
	GlobalSection(ProjectConfigurationPlatforms) = postSolution
		{D64CB696-978C-44B2-AF30-91B673720232}.Debug|Any CPU.ActiveCfg = Debug|Any CPU
		{D64CB696-978C-44B2-AF30-91B673720232}.Debug|Any CPU.Build.0 = Debug|Any CPU
		{D64CB696-978C-44B2-AF30-91B673720232}.Release|Any CPU.ActiveCfg = Release|Any CPU
		{D64CB696-978C-44B2-AF30-91B673720232}.Release|Any CPU.Build.0 = Release|Any CPU
	EndGlobalSection
	GlobalSection(SolutionProperties) = preSolution
		HideSolutionNode = FALSE
	EndGlobalSection
EndGlobal
